
Microsoft Visual Studio Solution File, Format Version 12.00
# Visual Studio Version 17
VisualStudioVersion = 17.0.31903.59
MinimumVisualStudioVersion = 10.0.40219.1
Project("{2150E333-8FDC-42A3-9474-1A3956D46DE8}") = "src", "src", "{827E0CD3-B72D-47B6-A68D-7590B98EB39B}"
EndProject
Project("{FAE04EC0-301F-11D3-BF4B-00C04F79EFBC}") = "FrameMind.Api", "src\FrameMind.Api\FrameMind.Api.csproj", "{8FAAB4D4-7D0B-4A5E-9BF0-9A334E47B281}"
EndProject
Project("{FAE04EC0-301F-11D3-BF4B-00C04F79EFBC}") = "FrameMind.Application", "src\FrameMind.Application\FrameMind.Application.csproj", "{C8B920E6-A99C-4DAB-A71A-C3FBCCC4B2BA}"
EndProject
Project("{FAE04EC0-301F-11D3-BF4B-00C04F79EFBC}") = "FrameMind.Domain", "src\FrameMind.Domain\FrameMind.Domain.csproj", "{A0133C49-F23D-4C43-B26C-30F32969D637}"
EndProject
Project("{FAE04EC0-301F-11D3-BF4B-00C04F79EFBC}") = "FrameMind.Infrastructure", "src\FrameMind.Infrastructure\FrameMind.Infrastructure.csproj", "{1F6414CC-63F6-48D0-9F75-5FE53C3E2EDA}"
EndProject
Project("{FAE04EC0-301F-11D3-BF4B-00C04F79EFBC}") = "FrameMind.Worker", "src\FrameMind.Worker\FrameMind.Worker.csproj", "{62A2B895-B9C2-495D-B24B-67EA7151A120}"
EndProject
Project("{FAE04EC0-301F-11D3-BF4B-00C04F79EFBC}") = "FrameMind.UnitTests", "tests\FrameMind.UnitTests\FrameMind.UnitTests.csproj", "{E237C4F8-0BE8-4417-BC4F-A86D41E99AF0}"
EndProject
Global
	GlobalSection(SolutionConfigurationPlatforms) = preSolution
		Debug|Any CPU = Debug|Any CPU
		Debug|x64 = Debug|x64
		Debug|x86 = Debug|x86
		Release|Any CPU = Release|Any CPU
		Release|x64 = Release|x64
		Release|x86 = Release|x86
	EndGlobalSection
	GlobalSection(ProjectConfigurationPlatforms) = postSolution
		{8FAAB4D4-7D0B-4A5E-9BF0-9A334E47B281}.Debug|Any CPU.ActiveCfg = Debug|Any CPU
		{8FAAB4D4-7D0B-4A5E-9BF0-9A334E47B281}.Debug|Any CPU.Build.0 = Debug|Any CPU
		{8FAAB4D4-7D0B-4A5E-9BF0-9A334E47B281}.Debug|x64.ActiveCfg = Debug|Any CPU
		{8FAAB4D4-7D0B-4A5E-9BF0-9A334E47B281}.Debug|x64.Build.0 = Debug|Any CPU
		{8FAAB4D4-7D0B-4A5E-9BF0-9A334E47B281}.Debug|x86.ActiveCfg = Debug|Any CPU
		{8FAAB4D4-7D0B-4A5E-9BF0-9A334E47B281}.Debug|x86.Build.0 = Debug|Any CPU
		{8FAAB4D4-7D0B-4A5E-9BF0-9A334E47B281}.Release|Any CPU.ActiveCfg = Release|Any CPU
		{8FAAB4D4-7D0B-4A5E-9BF0-9A334E47B281}.Release|Any CPU.Build.0 = Release|Any CPU
		{8FAAB4D4-7D0B-4A5E-9BF0-9A334E47B281}.Release|x64.ActiveCfg = Release|Any CPU
		{8FAAB4D4-7D0B-4A5E-9BF0-9A334E47B281}.Release|x64.Build.0 = Release|Any CPU
		{8FAAB4D4-7D0B-4A5E-9BF0-9A334E47B281}.Release|x86.ActiveCfg = Release|Any CPU
		{8FAAB4D4-7D0B-4A5E-9BF0-9A334E47B281}.Release|x86.Build.0 = Release|Any CPU
		{C8B920E6-A99C-4DAB-A71A-C3FBCCC4B2BA}.Debug|Any CPU.ActiveCfg = Debug|Any CPU
		{C8B920E6-A99C-4DAB-A71A-C3FBCCC4B2BA}.Debug|Any CPU.Build.0 = Debug|Any CPU
		{C8B920E6-A99C-4DAB-A71A-C3FBCCC4B2BA}.Debug|x64.ActiveCfg = Debug|Any CPU
		{C8B920E6-A99C-4DAB-A71A-C3FBCCC4B2BA}.Debug|x64.Build.0 = Debug|Any CPU
		{C8B920E6-A99C-4DAB-A71A-C3FBCCC4B2BA}.Debug|x86.ActiveCfg = Debug|Any CPU
		{C8B920E6-A99C-4DAB-A71A-C3FBCCC4B2BA}.Debug|x86.Build.0 = Debug|Any CPU
		{C8B920E6-A99C-4DAB-A71A-C3FBCCC4B2BA}.Release|Any CPU.ActiveCfg = Release|Any CPU
		{C8B920E6-A99C-4DAB-A71A-C3FBCCC4B2BA}.Release|Any CPU.Build.0 = Release|Any CPU
		{C8B920E6-A99C-4DAB-A71A-C3FBCCC4B2BA}.Release|x64.ActiveCfg = Release|Any CPU
		{C8B920E6-A99C-4DAB-A71A-C3FBCCC4B2BA}.Release|x64.Build.0 = Release|Any CPU
		{C8B920E6-A99C-4DAB-A71A-C3FBCCC4B2BA}.Release|x86.ActiveCfg = Release|Any CPU
		{C8B920E6-A99C-4DAB-A71A-C3FBCCC4B2BA}.Release|x86.Build.0 = Release|Any CPU
		{A0133C49-F23D-4C43-B26C-30F32969D637}.Debug|Any CPU.ActiveCfg = Debug|Any CPU
		{A0133C49-F23D-4C43-B26C-30F32969D637}.Debug|Any CPU.Build.0 = Debug|Any CPU
		{A0133C49-F23D-4C43-B26C-30F32969D637}.Debug|x64.ActiveCfg = Debug|Any CPU
		{A0133C49-F23D-4C43-B26C-30F32969D637}.Debug|x64.Build.0 = Debug|Any CPU
		{A0133C49-F23D-4C43-B26C-30F32969D637}.Debug|x86.ActiveCfg = Debug|Any CPU
		{A0133C49-F23D-4C43-B26C-30F32969D637}.Debug|x86.Build.0 = Debug|Any CPU
		{A0133C49-F23D-4C43-B26C-30F32969D637}.Release|Any CPU.ActiveCfg = Release|Any CPU
		{A0133C49-F23D-4C43-B26C-30F32969D637}.Release|Any CPU.Build.0 = Release|Any CPU
		{A0133C49-F23D-4C43-B26C-30F32969D637}.Release|x64.ActiveCfg = Release|Any CPU
		{A0133C49-F23D-4C43-B26C-30F32969D637}.Release|x64.Build.0 = Release|Any CPU
		{A0133C49-F23D-4C43-B26C-30F32969D637}.Release|x86.ActiveCfg = Release|Any CPU
		{A0133C49-F23D-4C43-B26C-30F32969D637}.Release|x86.Build.0 = Release|Any CPU
		{1F6414CC-63F6-48D0-9F75-5FE53C3E2EDA}.Debug|Any CPU.ActiveCfg = Debug|Any CPU
		{1F6414CC-63F6-48D0-9F75-5FE53C3E2EDA}.Debug|Any CPU.Build.0 = Debug|Any CPU
		{1F6414CC-63F6-48D0-9F75-5FE53C3E2EDA}.Debug|x64.ActiveCfg = Debug|Any CPU
		{1F6414CC-63F6-48D0-9F75-5FE53C3E2EDA}.Debug|x64.Build.0 = Debug|Any CPU
		{1F6414CC-63F6-48D0-9F75-5FE53C3E2EDA}.Debug|x86.ActiveCfg = Debug|Any CPU
		{1F6414CC-63F6-48D0-9F75-5FE53C3E2EDA}.Debug|x86.Build.0 = Debug|Any CPU
		{1F6414CC-63F6-48D0-9F75-5FE53C3E2EDA}.Release|Any CPU.ActiveCfg = Release|Any CPU
		{1F6414CC-63F6-48D0-9F75-5FE53C3E2EDA}.Release|Any CPU.Build.0 = Release|Any CPU
		{1F6414CC-63F6-48D0-9F75-5FE53C3E2EDA}.Release|x64.ActiveCfg = Release|Any CPU
		{1F6414CC-63F6-48D0-9F75-5FE53C3E2EDA}.Release|x64.Build.0 = Release|Any CPU
		{1F6414CC-63F6-48D0-9F75-5FE53C3E2EDA}.Release|x86.ActiveCfg = Release|Any CPU
		{1F6414CC-63F6-48D0-9F75-5FE53C3E2EDA}.Release|x86.Build.0 = Release|Any CPU
		{62A2B895-B9C2-495D-B24B-67EA7151A120}.Debug|Any CPU.ActiveCfg = Debug|Any CPU
		{62A2B895-B9C2-495D-B24B-67EA7151A120}.Debug|Any CPU.Build.0 = Debug|Any CPU
		{62A2B895-B9C2-495D-B24B-67EA7151A120}.Debug|x64.ActiveCfg = Debug|Any CPU
		{62A2B895-B9C2-495D-B24B-67EA7151A120}.Debug|x64.Build.0 = Debug|Any CPU
		{62A2B895-B9C2-495D-B24B-67EA7151A120}.Debug|x86.ActiveCfg = Debug|Any CPU
		{62A2B895-B9C2-495D-B24B-67EA7151A120}.Debug|x86.Build.0 = Debug|Any CPU
		{62A2B895-B9C2-495D-B24B-67EA7151A120}.Release|Any CPU.ActiveCfg = Release|Any CPU
		{62A2B895-B9C2-495D-B24B-67EA7151A120}.Release|Any CPU.Build.0 = Release|Any CPU
		{62A2B895-B9C2-495D-B24B-67EA7151A120}.Release|x64.ActiveCfg = Release|Any CPU
		{62A2B895-B9C2-495D-B24B-67EA7151A120}.Release|x64.Build.0 = Release|Any CPU
		{62A2B895-B9C2-495D-B24B-67EA7151A120}.Release|x86.ActiveCfg = Release|Any CPU
		{62A2B895-B9C2-495D-B24B-67EA7151A120}.Release|x86.Build.0 = Release|Any CPU
		{E237C4F8-0BE8-4417-BC4F-A86D41E99AF0}.Debug|Any CPU.ActiveCfg = Debug|Any CPU
		{E237C4F8-0BE8-4417-BC4F-A86D41E99AF0}.Debug|Any CPU.Build.0 = Debug|Any CPU
		{E237C4F8-0BE8-4417-BC4F-A86D41E99AF0}.Debug|x64.ActiveCfg = Debug|Any CPU
		{E237C4F8-0BE8-4417-BC4F-A86D41E99AF0}.Debug|x64.Build.0 = Debug|Any CPU
		{E237C4F8-0BE8-4417-BC4F-A86D41E99AF0}.Debug|x86.ActiveCfg = Debug|Any CPU
		{E237C4F8-0BE8-4417-BC4F-A86D41E99AF0}.Debug|x86.Build.0 = Debug|Any CPU
		{E237C4F8-0BE8-4417-BC4F-A86D41E99AF0}.Release|Any CPU.ActiveCfg = Release|Any CPU
		{E237C4F8-0BE8-4417-BC4F-A86D41E99AF0}.Release|Any CPU.Build.0 = Release|Any CPU
		{E237C4F8-0BE8-4417-BC4F-A86D41E99AF0}.Release|x64.ActiveCfg = Release|Any CPU
		{E237C4F8-0BE8-4417-BC4F-A86D41E99AF0}.Release|x64.Build.0 = Release|Any CPU
		{E237C4F8-0BE8-4417-BC4F-A86D41E99AF0}.Release|x86.ActiveCfg = Release|Any CPU
		{E237C4F8-0BE8-4417-BC4F-A86D41E99AF0}.Release|x86.Build.0 = Release|Any CPU
	EndGlobalSection
	GlobalSection(SolutionProperties) = preSolution
		HideSolutionNode = FALSE
	EndGlobalSection
	GlobalSection(NestedProjects) = preSolution
		{8FAAB4D4-7D0B-4A5E-9BF0-9A334E47B281} = {827E0CD3-B72D-47B6-A68D-7590B98EB39B}
		{C8B920E6-A99C-4DAB-A71A-C3FBCCC4B2BA} = {827E0CD3-B72D-47B6-A68D-7590B98EB39B}
		{A0133C49-F23D-4C43-B26C-30F32969D637} = {827E0CD3-B72D-47B6-A68D-7590B98EB39B}
		{1F6414CC-63F6-48D0-9F75-5FE53C3E2EDA} = {827E0CD3-B72D-47B6-A68D-7590B98EB39B}
		{62A2B895-B9C2-495D-B24B-67EA7151A120} = {827E0CD3-B72D-47B6-A68D-7590B98EB39B}
		{E237C4F8-0BE8-4417-BC4F-A86D41E99AF0} = {827E0CD3-B72D-47B6-A68D-7590B98EB39B}
	EndGlobalSection
EndGlobal
